PODS:
  - Alamofire (4.0.1)
  - Nimble (5.0.0)
  - OHHTTPStubs (5.2.1):
    - OHHTTPStubs/Default (= 5.2.1)
  - OHHTTPStubs/Core (5.2.1)
  - OHHTTPStubs/Default (5.2.1):
    - OHHTTPStubs/Core
    - OHHTTPStubs/JSON
    - OHHTTPStubs/NSURLSession
    - OHHTTPStubs/OHPathHelpers
  - OHHTTPStubs/JSON (5.2.1):
    - OHHTTPStubs/Core
  - OHHTTPStubs/NSURLSession (5.2.1):
    - OHHTTPStubs/Core
  - OHHTTPStubs/OHPathHelpers (5.2.1)
  - OHHTTPStubs/Swift (5.2.1):
    - OHHTTPStubs/Core
  - Quick (0.10.0)
  - Realm (1.1.0):
    - Realm/Headers (= 1.1.0)
  - Realm/Headers (1.1.0)
  - RealmSwift (1.1.0):
    - Realm (= 1.1.0)
  - SwiftyJSON (3.1.0)

DEPENDENCIES:
  - Alamofire (~> 4.0)
  - Nimble
  - OHHTTPStubs
  - OHHTTPStubs/Swift
  - Quick
  - RealmSwift
  - SwiftyJSON

SPEC CHECKSUMS:
  Alamofire: 7682d43245de14874acd142ec137b144aa1dd335
  Nimble: 56fc9f5020effa2206de22c3dd910f4fb011b92f
  OHHTTPStubs: 3a42f25c00563b71355ac73112ba2324e9e6cef4
  Quick: 5d290df1c69d5ee2f0729956dcf0fd9a30447eaa
  Realm: ceecf1a4540c4ce9efe196fe73fa9855bce05bd8
  RealmSwift: 838058b2db95b12cb86bd0cf209df642c33fb60a
  SwiftyJSON: 29b9f2a64f118c07e691667c2ba1efe536acfe0b

PODFILE CHECKSUM: 286eea646e3467ad0d6103b8354312f06fafa77a

COCOAPODS: 1.1.0.rc.2
