PODS:
  - Alamofire (4.0.1)
  - EZLoadingActivity (0.9)
  - Nimble (5.0.0)
  - OHHTTPStubs (5.2.1):
    - OHHTTPStubs/Default (= 5.2.1)
  - OHHTTPStubs/Core (5.2.1)
  - OHHTTPStubs/Default (5.2.1):
    - OHHTTPStubs/Core
    - OHHTTPStubs/JSON
    - OHHTTPStubs/NSURLSession
    - OHHTTPStubs/OHPathHelpers
  - OHHTTPStubs/JSON (5.2.1):
    - OHHTTPStubs/Core
  - OHHTTPStubs/NSURLSession (5.2.1):
    - OHHTTPStubs/Core
  - OHHTTPStubs/OHPathHelpers (5.2.1)
  - OHHTTPStubs/Swift (5.2.1):
    - OHHTTPStubs/Core
  - Quick (0.10.0)
  - Realm (2.0.2):
    - Realm/Headers (= 2.0.2)
  - Realm/Headers (2.0.2)
  - RealmSwift (2.0.2):
    - Realm (= 2.0.2)
  - SwiftyJSON (3.1.1)

DEPENDENCIES:
  - Alamofire
  - EZLoadingActivity
  - Nimble
  - OHHTTPStubs
  - OHHTTPStubs/Swift
  - Quick
  - RealmSwift
  - SwiftyJSON

SPEC CHECKSUMS:
  Alamofire: 7682d43245de14874acd142ec137b144aa1dd335
  EZLoadingActivity: 7ebb84c1f2510a62d2bc0a17cc9d75634f92606d
  Nimble: 56fc9f5020effa2206de22c3dd910f4fb011b92f
  OHHTTPStubs: 3a42f25c00563b71355ac73112ba2324e9e6cef4
  Quick: 5d290df1c69d5ee2f0729956dcf0fd9a30447eaa
  Realm: 0f5a194af0b7e6158b83db41b4ee1a00be7ddf1a
  RealmSwift: 0eb5070d851cba7c66e841ca756d83609dc78bc8
  SwiftyJSON: f0be2e604f83e8405a624e9f891898bf6ed4e019

PODFILE CHECKSUM: efa5f5ca022f587570bd0e524781cbf685ff76fc

COCOAPODS: 1.1.0.rc.3
